
Microsoft Visual Studio Solution File, Format Version 12.00
# Visual Studio Version 16
VisualStudioVersion = 16.0.29609.76
MinimumVisualStudioVersion = 10.0.40219.1
Project("{9A19103F-16F7-4668-BE54-9A1E7A4F7556}") = "dotnet_soap_example", "dotnet_soap_example.csproj", "{1ED5034E-556F-4153-BB49-F9828BFCE45D}"
EndProject
Global
	GlobalSection(SolutionConfigurationPlatforms) = preSolution
		Debug|Any CPU = Debug|Any CPU
		Release|Any CPU = Release|Any CPU
	EndGlobalSection
	GlobalSection(ProjectConfigurationPlatforms) = postSolution
		{1ED5034E-556F-4153-BB49-F9828BFCE45D}.Debug|Any CPU.ActiveCfg = Debug|Any CPU
		{1ED5034E-556F-4153-BB49-F9828BFCE45D}.Debug|Any CPU.Build.0 = Debug|Any CPU
		{1ED5034E-556F-4153-BB49-F9828BFCE45D}.Release|Any CPU.ActiveCfg = Release|Any CPU
		{1ED5034E-556F-4153-BB49-F9828BFCE45D}.Release|Any CPU.Build.0 = Release|Any CPU
	EndGlobalSection
	GlobalSection(SolutionProperties) = preSolution
		HideSolutionNode = FALSE
	EndGlobalSection
	GlobalSection(ExtensibilityGlobals) = postSolution
		SolutionGuid = {8C0B2824-27D8-40F7-BDB1-93EF94378B12}
	EndGlobalSection
EndGlobal
